// !$*UTF8*$!
{
	archiveVersion = 1;
	classes = {
	};
	objectVersion = 46;
	objects = {

/* Begin PBXBuildFile section */
		BADDE7A41E68323600782116 /* AppDelegate.swift in Sources */ = {isa = PBXBuildFile; fileRef = BADDE7A31E68323600782116 /* AppDelegate.swift */; };
		BADDE7A61E68323600782116 /* ViewController.swift in Sources */ = {isa = PBXBuildFile; fileRef = BADDE7A51E68323600782116 /* ViewController.swift */; };
		BADDE7A91E68323600782116 /* Main.storyboard in Resources */ = {isa = PBXBuildFile; fileRef = BADDE7A71E68323600782116 /* Main.storyboard */; };
		BADDE7AB1E68323600782116 /* Assets.xcassets in Resources */ = {isa = PBXBuildFile; fileRef = BADDE7AA1E68323600782116 /* Assets.xcassets */; };
		BADDE7AE1E68323600782116 /* LaunchScreen.storyboard in Resources */ = {isa = PBXBuildFile; fileRef = BADDE7AC1E68323600782116 /* LaunchScreen.storyboard */; };
/* End PBXBuildFile section */

/* Begin PBXFileReference section */
		BADDE7A01E68323600782116 /* 猜數字.app */ = {isa = PBXFileReference; explicitFileType = wrapper.application; includeInIndex = 0; path = "猜數字.app"; sourceTree = BUILT_PRODUCTS_DIR; };
		BADDE7A31E68323600782116 /* AppDelegate.swift */ = {isa = PBXFileReference; lastKnownFileType = sourcecode.swift; path = AppDelegate.swift; sourceTree = "<group>"; };
		BADDE7A51E68323600782116 /* ViewController.swift */ = {isa = PBXFileReference; lastKnownFileType = sourcecode.swift; path = ViewController.swift; sourceTree = "<group>"; };
		BADDE7A81E68323600782116 /* Base */ = {isa = PBXFileReference; lastKnownFileType = file.storyboard; name = Base; path = Base.lproj/Main.storyboard; sourceTree = "<group>"; };
		BADDE7AA1E68323600782116 /* Assets.xcassets */ = {isa = PBXFileReference; lastKnownFileType = folder.assetcatalog; path = Assets.xcassets; sourceTree = "<group>"; };
		BADDE7AD1E68323600782116 /* Base */ = {isa = PBXFileReference; lastKnownFileType = file.storyboard; name = Base; path = Base.lproj/LaunchScreen.storyboard; sourceTree = "<group>"; };
		BADDE7AF1E68323600782116 /* Info.plist */ = {isa = PBXFileReference; lastKnownFileType = text.plist.xml; path = Info.plist; sourceTree = "<group>"; };
/* End PBXFileReference section */

/* Begin PBXFrameworksBuildPhase section */
		BADDE79D1E68323500782116 /* Frameworks */ = {
			isa = PBXFrameworksBuildPhase;
			buildActionMask = 2147483647;
			files = (
			);
			runOnlyForDeploymentPostprocessing = 0;
		};
/* End PBXFrameworksBuildPhase section */

/* Begin PBXGroup section */
		BADDE7971E68323500782116 = {
			isa = PBXGroup;
			children = (
				BADDE7A21E68323600782116 /* 猜數字 */,
				BADDE7A11E68323600782116 /* Products */,
			);
			sourceTree = "<group>";
		};
		BADDE7A11E68323600782116 /* Products */ = {
			isa = PBXGroup;
			children = (
				BADDE7A01E68323600782116 /* 猜數字.app */,
			);
			name = Products;
			sourceTree = "<group>";
		};
		BADDE7A21E68323600782116 /* 猜數字 */ = {
			isa = PBXGroup;
			children = (
				BADDE7A31E68323600782116 /* AppDelegate.swift */,
				BADDE7A51E68323600782116 /* ViewController.swift */,
				BADDE7A71E68323600782116 /* Main.storyboard */,
				BADDE7AA1E68323600782116 /* Assets.xcassets */,
				BADDE7AC1E68323600782116 /* LaunchScreen.storyboard */,
				BADDE7AF1E68323600782116 /* Info.plist */,
			);
			path = "猜數字";
			sourceTree = "<group>";
		};
/* End PBXGroup section */

/* Begin PBXNativeTarget section */
		BADDE79F1E68323500782116 /* 猜數字 */ = {
			isa = PBXNativeTarget;
			buildConfigurationList = BADDE7B21E68323600782116 /* Build configuration list for PBXNativeTarget "猜數字" */;
			buildPhases = (
				BADDE79C1E68323500782116 /* Sources */,
				BADDE79D1E68323500782116 /* Frameworks */,
				BADDE79E1E68323500782116 /* Resources */,
			);
			buildRules = (
			);
			dependencies = (
			);
			name = "猜數字";
			productName = "猜數字";
			productReference = BADDE7A01E68323600782116 /* 猜數字.app */;
			productType = "com.apple.product-type.application";
		};
/* End PBXNativeTarget section */

/* Begin PBXProject section */
		BADDE7981E68323500782116 /* Project object */ = {
			isa = PBXProject;
			attributes = {
				LastSwiftUpdateCheck = 0820;
				LastUpgradeCheck = 0820;
				ORGANIZATIONNAME = "Huang Pi-Ling";
				TargetAttributes = {
					BADDE79F1E68323500782116 = {
						CreatedOnToolsVersion = 8.2.1;
						DevelopmentTeam = 2RXHT8YN59;
						ProvisioningStyle = Automatic;
					};
				};
			};
			buildConfigurationList = BADDE79B1E68323500782116 /* Build configuration list for PBXProject "猜數字" */;
			compatibilityVersion = "Xcode 3.2";
			developmentRegion = English;
			hasScannedForEncodings = 0;
			knownRegions = (
				en,
				Base,
			);
			mainGroup = BADDE7971E68323500782116;
			productRefGroup = BADDE7A11E68323600782116 /* Products */;
			projectDirPath = "";
			projectRoot = "";
			targets = (
				BADDE79F1E68323500782116 /* 猜數字 */,
			);
		};
/* End PBXProject section */

/* Begin PBXResourcesBuildPhase section */
		BADDE79E1E68323500782116 /* Resources */ = {
			isa = PBXResourcesBuildPhase;
			buildActionMask = 2147483647;
			files = (
				BADDE7AE1E68323600782116 /* LaunchScreen.storyboard in Resources */,
				BADDE7AB1E68323600782116 /* Assets.xcassets in Resources */,
				BADDE7A91E68323600782116 /* Main.storyboard in Resources */,
			);
			runOnlyForDeploymentPostprocessing = 0;
		};
/* End PBXResourcesBuildPhase section */

/* Begin PBXSourcesBuildPhase section */
		BADDE79C1E68323500782116 /* Sources */ = {
			isa = PBXSourcesBuildPhase;
			buildActionMask = 2147483647;
			files = (
				BADDE7A61E68323600782116 /* ViewController.swift in Sources */,
				BADDE7A41E68323600782116 /* AppDelegate.swift in Sources */,
			);
			runOnlyForDeploymentPostprocessing = 0;
		};
/* End PBXSourcesBuildPhase section */

/* Begin PBXVariantGroup section */
		BADDE7A71E68323600782116 /* Main.storyboard */ = {
			isa = PBXVariantGroup;
			children = (
				BADDE7A81E68323600782116 /* Base */,
			);
			name = Main.storyboard;
			sourceTree = "<group>";
		};
		BADDE7AC1E68323600782116 /* LaunchScreen.storyboard */ = {
			isa = PBXVariantGroup;
			children = (
				BADDE7AD1E68323600782116 /* Base */,
			);
			name = LaunchScreen.storyboard;
			sourceTree = "<group>";
		};
/* End PBXVariantGroup section */

/* Begin XCBuildConfiguration section */
		BADDE7B01E68323600782116 /* Debug */ = {
			isa = XCBuildConfiguration;
			buildSettings = {
				ALWAYS_SEARCH_USER_PATHS = NO;
				CLANG_ANALYZER_NONNULL = YES;
				CLANG_CXX_LANGUAGE_STANDARD = "gnu++0x";
				CLANG_CXX_LIBRARY = "libc++";
				CLANG_ENABLE_MODULES = YES;
				CLANG_ENABLE_OBJC_ARC = YES;
				CLANG_WARN_BOOL_CONVERSION = YES;
				CLANG_WARN_CONSTANT_CONVERSION = YES;
				CLANG_WARN_DIRECT_OBJC_ISA_USAGE = YES_ERROR;
				CLANG_WARN_DOCUMENTATION_COMMENTS = YES;
				CLANG_WARN_EMPTY_BODY = YES;
				CLANG_WARN_ENUM_CONVERSION = YES;
				CLANG_WARN_INFINITE_RECURSION = YES;
				CLANG_WARN_INT_CONVERSION = YES;
				CLANG_WARN_OBJC_ROOT_CLASS = YES_ERROR;
				CLANG_WARN_SUSPICIOUS_MOVE = YES;
				CLANG_WARN_UNREACHABLE_CODE = YES;
				CLANG_WARN__DUPLICATE_METHOD_MATCH = YES;
				"CODE_SIGN_IDENTITY[sdk=iphoneos*]" = "iPhone Developer";
				COPY_PHASE_STRIP = NO;
				DEBUG_INFORMATION_FORMAT = dwarf;
				ENABLE_STRICT_OBJC_MSGSEND = YES;
				ENABLE_TESTABILITY = YES;
				GCC_C_LANGUAGE_STANDARD = gnu99;
				GCC_DYNAMIC_NO_PIC = NO;
				GCC_NO_COMMON_BLOCKS = YES;
				GCC_OPTIMIZATION_LEVEL = 0;
				GCC_PREPROCESSOR_DEFINITIONS = (
					"DEBUG=1",
					"$(inherited)",
				);
				GCC_WARN_64_TO_32_BIT_CONVERSION = YES;
				GCC_WARN_ABOUT_RETURN_TYPE = YES_ERROR;
				GCC_WARN_UNDECLARED_SELECTOR = YES;
				GCC_WARN_UNINITIALIZED_AUTOS = YES_AGGRESSIVE;
				GCC_WARN_UNUSED_FUNCTION = YES;
				GCC_WARN_UNUSED_VARIABLE = YES;
				IPHONEOS_DEPLOYMENT_TARGET = 10.2;
				MTL_ENABLE_DEBUG_INFO = YES;
				ONLY_ACTIVE_ARCH = YES;
				SDKROOT = iphoneos;
				SWIFT_ACTIVE_COMPILATION_CONDITIONS = DEBUG;
				SWIFT_OPTIMIZATION_LEVEL = "-Onone";
			};
			name = Debug;
		};
		BADDE7B11E68323600782116 /* Release */ = {
			isa = XCBuildConfiguration;
			buildSettings = {
				ALWAYS_SEARCH_USER_PATHS = NO;
				CLANG_ANALYZER_NONNULL = YES;
				CLANG_CXX_LANGUAGE_STANDARD = "gnu++0x";
				CLANG_CXX_LIBRARY = "libc++";
				CLANG_ENABLE_MODULES = YES;
				CLANG_ENABLE_OBJC_ARC = YES;
				CLANG_WARN_BOOL_CONVERSION = YES;
				CLANG_WARN_CONSTANT_CONVERSION = YES;
				CLANG_WARN_DIRECT_OBJC_ISA_USAGE = YES_ERROR;
				CLANG_WARN_DOCUMENTATION_COMMENTS = YES;
				CLANG_WARN_EMPTY_BODY = YES;
				CLANG_WARN_ENUM_CONVERSION = YES;
				CLANG_WARN_INFINITE_RECURSION = YES;
				CLANG_WARN_INT_CONVERSION = YES;
				CLANG_WARN_OBJC_ROOT_CLASS = YES_ERROR;
				CLANG_WARN_SUSPICIOUS_MOVE = YES;
				CLANG_WARN_UNREACHABLE_CODE = YES;
				CLANG_WARN__DUPLICATE_METHOD_MATCH = YES;
				"CODE_SIGN_IDENTITY[sdk=iphoneos*]" = "iPhone Developer";
				COPY_PHASE_STRIP = NO;
				DEBUG_INFORMATION_FORMAT = "dwarf-with-dsym";
				ENABLE_NS_ASSERTIONS = NO;
				ENABLE_STRICT_OBJC_MSGSEND = YES;
				GCC_C_LANGUAGE_STANDARD = gnu99;
				GCC_NO_COMMON_BLOCKS = YES;
				GCC_WARN_64_TO_32_BIT_CONVERSION = YES;
				GCC_WARN_ABOUT_RETURN_TYPE = YES_ERROR;
				GCC_WARN_UNDECLARED_SELECTOR = YES;
				GCC_WARN_UNINITIALIZED_AUTOS = YES_AGGRESSIVE;
				GCC_WARN_UNUSED_FUNCTION = YES;
				GCC_WARN_UNUSED_VARIABLE = YES;
				IPHONEOS_DEPLOYMENT_TARGET = 10.2;
				MTL_ENABLE_DEBUG_INFO = NO;
				SDKROOT = iphoneos;
				SWIFT_OPTIMIZATION_LEVEL = "-Owholemodule";
				VALIDATE_PRODUCT = YES;
			};
			name = Release;
		};
		BADDE7B31E68323600782116 /* Debug */ = {
			isa = XCBuildConfiguration;
			buildSettings = {
				ASSETCATALOG_COMPILER_APPICON_NAME = AppIcon;
				DEVELOPMENT_TEAM = 2RXHT8YN59;
				INFOPLIST_FILE = "猜數字/Info.plist";
				LD_RUNPATH_SEARCH_PATHS = "$(inherited) @executable_path/Frameworks";
				PRODUCT_BUNDLE_IDENTIFIER = "Huang-Pi-Ling.---";
				PRODUCT_NAME = "$(TARGET_NAME)";
				SWIFT_VERSION = 3.0;
			};
			name = Debug;
		};
		BADDE7B41E68323600782116 /* Release */ = {
			isa = XCBuildConfiguration;
			buildSettings = {
				ASSETCATALOG_COMPILER_APPICON_NAME = AppIcon;
				DEVELOPMENT_TEAM = 2RXHT8YN59;
				INFOPLIST_FILE = "猜數字/Info.plist";
				LD_RUNPATH_SEARCH_PATHS = "$(inherited) @executable_path/Frameworks";
				PRODUCT_BUNDLE_IDENTIFIER = "Huang-Pi-Ling.---";
				PRODUCT_NAME = "$(TARGET_NAME)";
				SWIFT_VERSION = 3.0;
			};
			name = Release;
		};
/* End XCBuildConfiguration section */

/* Begin XCConfigurationList section */
		BADDE79B1E68323500782116 /* Build configuration list for PBXProject "猜數字" */ = {
			isa = XCConfigurationList;
			buildConfigurations = (
				BADDE7B01E68323600782116 /* Debug */,
				BADDE7B11E68323600782116 /* Release */,
			);
			defaultConfigurationIsVisible = 0;
			defaultConfigurationName = Release;
		};
		BADDE7B21E68323600782116 /* Build configuration list for PBXNativeTarget "猜數字" */ = {
			isa = XCConfigurationList;
			buildConfigurations = (
				BADDE7B31E68323600782116 /* Debug */,
				BADDE7B41E68323600782116 /* Release */,
			);
			defaultConfigurationIsVisible = 0;
		};
/* End XCConfigurationList section */
	};
	rootObject = BADDE7981E68323500782116 /* Project object */;
}
